
Microsoft Visual Studio Solution File, Format Version 12.00
# Visual Studio Version 16
VisualStudioVersion = 16.0.31019.35
MinimumVisualStudioVersion = 10.0.40219.1
Project("{D954291E-2A0B-460D-934E-DC6B0785DB48}") = "x1.Shared", "x1\x1.Shared\x1.Shared.shproj", "{6279C845-92F8-4333-AB99-3D213163593C}"
EndProject
Project("{2150E333-8FDC-42A3-9474-1A3956D46DE8}") = "Platforms", "Platforms", "{79A6436E-E92C-42E6-8CC8-CB9124A914C6}"
EndProject
Project("{FAE04EC0-301F-11D3-BF4B-00C04F79EFBC}") = "x1.Droid", "x1\x1.Droid\x1.Droid.csproj", "{64C596A8-54D6-45AF-84AE-99FAFFC46719}"
EndProject
Project("{FAE04EC0-301F-11D3-BF4B-00C04F79EFBC}") = "x1.iOS", "x1\x1.iOS\x1.iOS.csproj", "{E09EF6C2-F7E3-45FD-8D7C-C3520A1F7078}"
EndProject
Project("{FAE04EC0-301F-11D3-BF4B-00C04F79EFBC}") = "x1.UWP", "x1\x1.UWP\x1.UWP.csproj", "{3C57790A-6909-43E5-A6A7-C04960EB8DCF}"
EndProject
Project("{FAE04EC0-301F-11D3-BF4B-00C04F79EFBC}") = "x1.Wasm", "x1\x1.Wasm\x1.Wasm.csproj", "{054D4E75-34AD-47A6-AB4A-481D0FBBB94C}"
EndProject
Project("{FAE04EC0-301F-11D3-BF4B-00C04F79EFBC}") = "x1.macOS", "x1\x1.macOS\x1.macOS.csproj", "{05EB31C0-D9C5-43AB-97B5-760BC27D5EB9}"
EndProject
Project("{FAE04EC0-301F-11D3-BF4B-00C04F79EFBC}") = "x1.Skia.Wpf.Host", "x1\x1.Skia.Wpf.Host\x1.Skia.Wpf.Host.csproj", "{FEF977D5-6962-4ED8-B53F-6D1120A4C83D}"
EndProject
Project("{FAE04EC0-301F-11D3-BF4B-00C04F79EFBC}") = "x1.Skia.Wpf", "x1\x1.Skia.Wpf\x1.Skia.Wpf.csproj", "{082CC3F9-35C3-42EA-8E6F-1AA3AB500126}"
EndProject
Project("{FAE04EC0-301F-11D3-BF4B-00C04F79EFBC}") = "x1.Skia.Gtk", "x1\x1.Skia.Gtk\x1.Skia.Gtk.csproj", "{5D292A45-E1D3-4822-A382-A50C0F620654}"
EndProject
Project("{FAE04EC0-301F-11D3-BF4B-00C04F79EFBC}") = "x1.Skia.Tizen", "x1\x1.Skia.Tizen\x1.Skia.Tizen.csproj", "{F18DCFD5-41E8-4C22-A53B-4E1B1A163E4A}"
EndProject
Global
	GlobalSection(SharedMSBuildProjectFiles) = preSolution
		x1\x1.Shared\x1.Shared.projitems*{054d4e75-34ad-47a6-ab4a-481d0fbbb94c}*SharedItemsImports = 5
		x1\x1.Shared\x1.Shared.projitems*{05eb31c0-d9c5-43ab-97b5-760bc27d5eb9}*SharedItemsImports = 4
		x1\x1.Shared\x1.Shared.projitems*{082cc3f9-35c3-42ea-8e6f-1aa3ab500126}*SharedItemsImports = 5
		x1\x1.Shared\x1.Shared.projitems*{3c57790a-6909-43e5-a6a7-c04960eb8dcf}*SharedItemsImports = 4
		x1\x1.Shared\x1.Shared.projitems*{5d292a45-e1d3-4822-a382-a50c0f620654}*SharedItemsImports = 5
		x1\x1.Shared\x1.Shared.projitems*{6279c845-92f8-4333-ab99-3d213163593c}*SharedItemsImports = 13
		x1\x1.Shared\x1.Shared.projitems*{64c596a8-54d6-45af-84ae-99faffc46719}*SharedItemsImports = 4
		x1\x1.Shared\x1.Shared.projitems*{e09ef6c2-f7e3-45fd-8d7c-c3520a1f7078}*SharedItemsImports = 4
		x1\x1.Shared\x1.Shared.projitems*{f18dcfd5-41e8-4c22-a53b-4e1b1a163e4a}*SharedItemsImports = 5
	EndGlobalSection
	GlobalSection(SolutionConfigurationPlatforms) = preSolution
		Ad-Hoc|Any CPU = Ad-Hoc|Any CPU
		Ad-Hoc|ARM = Ad-Hoc|ARM
		Ad-Hoc|ARM64 = Ad-Hoc|ARM64
		Ad-Hoc|iPhone = Ad-Hoc|iPhone
		Ad-Hoc|iPhoneSimulator = Ad-Hoc|iPhoneSimulator
		Ad-Hoc|x64 = Ad-Hoc|x64
		Ad-Hoc|x86 = Ad-Hoc|x86
		AppStore|Any CPU = AppStore|Any CPU
		AppStore|ARM = AppStore|ARM
		AppStore|ARM64 = AppStore|ARM64
		AppStore|iPhone = AppStore|iPhone
		AppStore|iPhoneSimulator = AppStore|iPhoneSimulator
		AppStore|x64 = AppStore|x64
		AppStore|x86 = AppStore|x86
		Debug|Any CPU = Debug|Any CPU
		Debug|ARM = Debug|ARM
		Debug|ARM64 = Debug|ARM64
		Debug|iPhone = Debug|iPhone
		Debug|iPhoneSimulator = Debug|iPhoneSimulator
		Debug|x64 = Debug|x64
		Debug|x86 = Debug|x86
		Release|Any CPU = Release|Any CPU
		Release|ARM = Release|ARM
		Release|ARM64 = Release|ARM64
		Release|iPhone = Release|iPhone
		Release|iPhoneSimulator = Release|iPhoneSimulator
		Release|x64 = Release|x64
		Release|x86 = Release|x86
	EndGlobalSection
	GlobalSection(ProjectConfigurationPlatforms) = postSolution
		{64C596A8-54D6-45AF-84AE-99FAFFC46719}.Ad-Hoc|Any CPU.ActiveCfg = Debug|Any CPU
		{64C596A8-54D6-45AF-84AE-99FAFFC46719}.Ad-Hoc|Any CPU.Build.0 = Debug|Any CPU
		{64C596A8-54D6-45AF-84AE-99FAFFC46719}.Ad-Hoc|Any CPU.Deploy.0 = Debug|Any CPU
		{64C596A8-54D6-45AF-84AE-99FAFFC46719}.Ad-Hoc|ARM.ActiveCfg = Debug|Any CPU
		{64C596A8-54D6-45AF-84AE-99FAFFC46719}.Ad-Hoc|ARM.Build.0 = Debug|Any CPU
		{64C596A8-54D6-45AF-84AE-99FAFFC46719}.Ad-Hoc|ARM.Deploy.0 = Debug|Any CPU
		{64C596A8-54D6-45AF-84AE-99FAFFC46719}.Ad-Hoc|ARM64.ActiveCfg = Debug|Any CPU
		{64C596A8-54D6-45AF-84AE-99FAFFC46719}.Ad-Hoc|ARM64.Build.0 = Debug|Any CPU
		{64C596A8-54D6-45AF-84AE-99FAFFC46719}.Ad-Hoc|ARM64.Deploy.0 = Debug|Any CPU
		{64C596A8-54D6-45AF-84AE-99FAFFC46719}.Ad-Hoc|iPhone.ActiveCfg = Debug|Any CPU
		{64C596A8-54D6-45AF-84AE-99FAFFC46719}.Ad-Hoc|iPhone.Build.0 = Debug|Any CPU
		{64C596A8-54D6-45AF-84AE-99FAFFC46719}.Ad-Hoc|iPhone.Deploy.0 = Debug|Any CPU
		{64C596A8-54D6-45AF-84AE-99FAFFC46719}.Ad-Hoc|iPhoneSimulator.ActiveCfg = Debug|Any CPU
		{64C596A8-54D6-45AF-84AE-99FAFFC46719}.Ad-Hoc|iPhoneSimulator.Build.0 = Debug|Any CPU
		{64C596A8-54D6-45AF-84AE-99FAFFC46719}.Ad-Hoc|iPhoneSimulator.Deploy.0 = Debug|Any CPU
		{64C596A8-54D6-45AF-84AE-99FAFFC46719}.Ad-Hoc|x64.ActiveCfg = Debug|Any CPU
		{64C596A8-54D6-45AF-84AE-99FAFFC46719}.Ad-Hoc|x64.Build.0 = Debug|Any CPU
		{64C596A8-54D6-45AF-84AE-99FAFFC46719}.Ad-Hoc|x64.Deploy.0 = Debug|Any CPU
		{64C596A8-54D6-45AF-84AE-99FAFFC46719}.Ad-Hoc|x86.ActiveCfg = Debug|Any CPU
		{64C596A8-54D6-45AF-84AE-99FAFFC46719}.Ad-Hoc|x86.Build.0 = Debug|Any CPU
		{64C596A8-54D6-45AF-84AE-99FAFFC46719}.Ad-Hoc|x86.Deploy.0 = Debug|Any CPU
		{64C596A8-54D6-45AF-84AE-99FAFFC46719}.AppStore|Any CPU.ActiveCfg = Debug|Any CPU
		{64C596A8-54D6-45AF-84AE-99FAFFC46719}.AppStore|Any CPU.Build.0 = Debug|Any CPU
		{64C596A8-54D6-45AF-84AE-99FAFFC46719}.AppStore|Any CPU.Deploy.0 = Debug|Any CPU
		{64C596A8-54D6-45AF-84AE-99FAFFC46719}.AppStore|ARM.ActiveCfg = Debug|Any CPU
		{64C596A8-54D6-45AF-84AE-99FAFFC46719}.AppStore|ARM.Build.0 = Debug|Any CPU
		{64C596A8-54D6-45AF-84AE-99FAFFC46719}.AppStore|ARM.Deploy.0 = Debug|Any CPU
		{64C596A8-54D6-45AF-84AE-99FAFFC46719}.AppStore|ARM64.ActiveCfg = Debug|Any CPU
		{64C596A8-54D6-45AF-84AE-99FAFFC46719}.AppStore|ARM64.Build.0 = Debug|Any CPU
		{64C596A8-54D6-45AF-84AE-99FAFFC46719}.AppStore|ARM64.Deploy.0 = Debug|Any CPU
		{64C596A8-54D6-45AF-84AE-99FAFFC46719}.AppStore|iPhone.ActiveCfg = Debug|Any CPU
		{64C596A8-54D6-45AF-84AE-99FAFFC46719}.AppStore|iPhone.Build.0 = Debug|Any CPU
		{64C596A8-54D6-45AF-84AE-99FAFFC46719}.AppStore|iPhone.Deploy.0 = Debug|Any CPU
		{64C596A8-54D6-45AF-84AE-99FAFFC46719}.AppStore|iPhoneSimulator.ActiveCfg = Debug|Any CPU
		{64C596A8-54D6-45AF-84AE-99FAFFC46719}.AppStore|iPhoneSimulator.Build.0 = Debug|Any CPU
		{64C596A8-54D6-45AF-84AE-99FAFFC46719}.AppStore|iPhoneSimulator.Deploy.0 = Debug|Any CPU
		{64C596A8-54D6-45AF-84AE-99FAFFC46719}.AppStore|x64.ActiveCfg = Debug|Any CPU
		{64C596A8-54D6-45AF-84AE-99FAFFC46719}.AppStore|x64.Build.0 = Debug|Any CPU
		{64C596A8-54D6-45AF-84AE-99FAFFC46719}.AppStore|x64.Deploy.0 = Debug|Any CPU
		{64C596A8-54D6-45AF-84AE-99FAFFC46719}.AppStore|x86.ActiveCfg = Debug|Any CPU
		{64C596A8-54D6-45AF-84AE-99FAFFC46719}.AppStore|x86.Build.0 = Debug|Any CPU
		{64C596A8-54D6-45AF-84AE-99FAFFC46719}.AppStore|x86.Deploy.0 = Debug|Any CPU
		{64C596A8-54D6-45AF-84AE-99FAFFC46719}.Debug|Any CPU.ActiveCfg = Debug|Any CPU
		{64C596A8-54D6-45AF-84AE-99FAFFC46719}.Debug|Any CPU.Build.0 = Debug|Any CPU
		{64C596A8-54D6-45AF-84AE-99FAFFC46719}.Debug|Any CPU.Deploy.0 = Debug|Any CPU
		{64C596A8-54D6-45AF-84AE-99FAFFC46719}.Debug|ARM.ActiveCfg = Debug|Any CPU
		{64C596A8-54D6-45AF-84AE-99FAFFC46719}.Debug|ARM.Build.0 = Debug|Any CPU
		{64C596A8-54D6-45AF-84AE-99FAFFC46719}.Debug|ARM.Deploy.0 = Debug|Any CPU
		{64C596A8-54D6-45AF-84AE-99FAFFC46719}.Debug|ARM64.ActiveCfg = Debug|Any CPU
		{64C596A8-54D6-45AF-84AE-99FAFFC46719}.Debug|ARM64.Build.0 = Debug|Any CPU
		{64C596A8-54D6-45AF-84AE-99FAFFC46719}.Debug|ARM64.Deploy.0 = Debug|Any CPU
		{64C596A8-54D6-45AF-84AE-99FAFFC46719}.Debug|iPhone.ActiveCfg = Debug|Any CPU
		{64C596A8-54D6-45AF-84AE-99FAFFC46719}.Debug|iPhone.Build.0 = Debug|Any CPU
		{64C596A8-54D6-45AF-84AE-99FAFFC46719}.Debug|iPhone.Deploy.0 = Debug|Any CPU
		{64C596A8-54D6-45AF-84AE-99FAFFC46719}.Debug|iPhoneSimulator.ActiveCfg = Debug|Any CPU
		{64C596A8-54D6-45AF-84AE-99FAFFC46719}.Debug|iPhoneSimulator.Build.0 = Debug|Any CPU
		{64C596A8-54D6-45AF-84AE-99FAFFC46719}.Debug|iPhoneSimulator.Deploy.0 = Debug|Any CPU
		{64C596A8-54D6-45AF-84AE-99FAFFC46719}.Debug|x64.ActiveCfg = Debug|Any CPU
		{64C596A8-54D6-45AF-84AE-99FAFFC46719}.Debug|x64.Build.0 = Debug|Any CPU
		{64C596A8-54D6-45AF-84AE-99FAFFC46719}.Debug|x64.Deploy.0 = Debug|Any CPU
		{64C596A8-54D6-45AF-84AE-99FAFFC46719}.Debug|x86.ActiveCfg = Debug|Any CPU
		{64C596A8-54D6-45AF-84AE-99FAFFC46719}.Debug|x86.Build.0 = Debug|Any CPU
		{64C596A8-54D6-45AF-84AE-99FAFFC46719}.Debug|x86.Deploy.0 = Debug|Any CPU
		{64C596A8-54D6-45AF-84AE-99FAFFC46719}.Release|Any CPU.ActiveCfg = Release|Any CPU
		{64C596A8-54D6-45AF-84AE-99FAFFC46719}.Release|Any CPU.Build.0 = Release|Any CPU
		{64C596A8-54D6-45AF-84AE-99FAFFC46719}.Release|Any CPU.Deploy.0 = Release|Any CPU
		{64C596A8-54D6-45AF-84AE-99FAFFC46719}.Release|ARM.ActiveCfg = Release|Any CPU
		{64C596A8-54D6-45AF-84AE-99FAFFC46719}.Release|ARM.Build.0 = Release|Any CPU
		{64C596A8-54D6-45AF-84AE-99FAFFC46719}.Release|ARM.Deploy.0 = Release|Any CPU
		{64C596A8-54D6-45AF-84AE-99FAFFC46719}.Release|ARM64.ActiveCfg = Release|Any CPU
		{64C596A8-54D6-45AF-84AE-99FAFFC46719}.Release|ARM64.Build.0 = Release|Any CPU
		{64C596A8-54D6-45AF-84AE-99FAFFC46719}.Release|ARM64.Deploy.0 = Release|Any CPU
		{64C596A8-54D6-45AF-84AE-99FAFFC46719}.Release|iPhone.ActiveCfg = Release|Any CPU
		{64C596A8-54D6-45AF-84AE-99FAFFC46719}.Release|iPhone.Build.0 = Release|Any CPU
		{64C596A8-54D6-45AF-84AE-99FAFFC46719}.Release|iPhone.Deploy.0 = Release|Any CPU
		{64C596A8-54D6-45AF-84AE-99FAFFC46719}.Release|iPhoneSimulator.ActiveCfg = Release|Any CPU
		{64C596A8-54D6-45AF-84AE-99FAFFC46719}.Release|iPhoneSimulator.Build.0 = Release|Any CPU
		{64C596A8-54D6-45AF-84AE-99FAFFC46719}.Release|iPhoneSimulator.Deploy.0 = Release|Any CPU
		{64C596A8-54D6-45AF-84AE-99FAFFC46719}.Release|x64.ActiveCfg = Release|Any CPU
		{64C596A8-54D6-45AF-84AE-99FAFFC46719}.Release|x64.Build.0 = Release|Any CPU
		{64C596A8-54D6-45AF-84AE-99FAFFC46719}.Release|x64.Deploy.0 = Release|Any CPU
		{64C596A8-54D6-45AF-84AE-99FAFFC46719}.Release|x86.ActiveCfg = Release|Any CPU
		{64C596A8-54D6-45AF-84AE-99FAFFC46719}.Release|x86.Build.0 = Release|Any CPU
		{64C596A8-54D6-45AF-84AE-99FAFFC46719}.Release|x86.Deploy.0 = Release|Any CPU
		{E09EF6C2-F7E3-45FD-8D7C-C3520A1F7078}.Ad-Hoc|Any CPU.ActiveCfg = Ad-Hoc|iPhoneSimulator
		{E09EF6C2-F7E3-45FD-8D7C-C3520A1F7078}.Ad-Hoc|ARM.ActiveCfg = Ad-Hoc|iPhoneSimulator
		{E09EF6C2-F7E3-45FD-8D7C-C3520A1F7078}.Ad-Hoc|ARM64.ActiveCfg = Ad-Hoc|iPhoneSimulator
		{E09EF6C2-F7E3-45FD-8D7C-C3520A1F7078}.Ad-Hoc|iPhone.ActiveCfg = Ad-Hoc|iPhone
		{E09EF6C2-F7E3-45FD-8D7C-C3520A1F7078}.Ad-Hoc|iPhone.Build.0 = Ad-Hoc|iPhone
		{E09EF6C2-F7E3-45FD-8D7C-C3520A1F7078}.Ad-Hoc|iPhoneSimulator.ActiveCfg = Ad-Hoc|iPhoneSimulator
		{E09EF6C2-F7E3-45FD-8D7C-C3520A1F7078}.Ad-Hoc|iPhoneSimulator.Build.0 = Ad-Hoc|iPhoneSimulator
		{E09EF6C2-F7E3-45FD-8D7C-C3520A1F7078}.Ad-Hoc|x64.ActiveCfg = Ad-Hoc|iPhoneSimulator
		{E09EF6C2-F7E3-45FD-8D7C-C3520A1F7078}.Ad-Hoc|x86.ActiveCfg = Ad-Hoc|iPhoneSimulator
		{E09EF6C2-F7E3-45FD-8D7C-C3520A1F7078}.AppStore|Any CPU.ActiveCfg = AppStore|iPhoneSimulator
		{E09EF6C2-F7E3-45FD-8D7C-C3520A1F7078}.AppStore|ARM.ActiveCfg = AppStore|iPhoneSimulator
		{E09EF6C2-F7E3-45FD-8D7C-C3520A1F7078}.AppStore|ARM64.ActiveCfg = AppStore|iPhoneSimulator
		{E09EF6C2-F7E3-45FD-8D7C-C3520A1F7078}.AppStore|iPhone.ActiveCfg = AppStore|iPhone
		{E09EF6C2-F7E3-45FD-8D7C-C3520A1F7078}.AppStore|iPhone.Build.0 = AppStore|iPhone
		{E09EF6C2-F7E3-45FD-8D7C-C3520A1F7078}.AppStore|iPhoneSimulator.ActiveCfg = AppStore|iPhoneSimulator
		{E09EF6C2-F7E3-45FD-8D7C-C3520A1F7078}.AppStore|iPhoneSimulator.Build.0 = AppStore|iPhoneSimulator
		{E09EF6C2-F7E3-45FD-8D7C-C3520A1F7078}.AppStore|x64.ActiveCfg = AppStore|iPhoneSimulator
		{E09EF6C2-F7E3-45FD-8D7C-C3520A1F7078}.AppStore|x86.ActiveCfg = AppStore|iPhoneSimulator
		{E09EF6C2-F7E3-45FD-8D7C-C3520A1F7078}.Debug|Any CPU.ActiveCfg = Debug|iPhoneSimulator
		{E09EF6C2-F7E3-45FD-8D7C-C3520A1F7078}.Debug|ARM.ActiveCfg = Debug|iPhoneSimulator
		{E09EF6C2-F7E3-45FD-8D7C-C3520A1F7078}.Debug|ARM64.ActiveCfg = Debug|iPhoneSimulator
		{E09EF6C2-F7E3-45FD-8D7C-C3520A1F7078}.Debug|iPhone.ActiveCfg = Debug|iPhone
		{E09EF6C2-F7E3-45FD-8D7C-C3520A1F7078}.Debug|iPhone.Build.0 = Debug|iPhone
		{E09EF6C2-F7E3-45FD-8D7C-C3520A1F7078}.Debug|iPhoneSimulator.ActiveCfg = Debug|iPhoneSimulator
		{E09EF6C2-F7E3-45FD-8D7C-C3520A1F7078}.Debug|iPhoneSimulator.Build.0 = Debug|iPhoneSimulator
		{E09EF6C2-F7E3-45FD-8D7C-C3520A1F7078}.Debug|x64.ActiveCfg = Debug|iPhoneSimulator
		{E09EF6C2-F7E3-45FD-8D7C-C3520A1F7078}.Debug|x86.ActiveCfg = Debug|iPhoneSimulator
		{E09EF6C2-F7E3-45FD-8D7C-C3520A1F7078}.Release|Any CPU.ActiveCfg = Release|iPhoneSimulator
		{E09EF6C2-F7E3-45FD-8D7C-C3520A1F7078}.Release|ARM.ActiveCfg = Release|iPhoneSimulator
		{E09EF6C2-F7E3-45FD-8D7C-C3520A1F7078}.Release|ARM64.ActiveCfg = Release|iPhoneSimulator
		{E09EF6C2-F7E3-45FD-8D7C-C3520A1F7078}.Release|iPhone.ActiveCfg = Release|iPhone
		{E09EF6C2-F7E3-45FD-8D7C-C3520A1F7078}.Release|iPhone.Build.0 = Release|iPhone
		{E09EF6C2-F7E3-45FD-8D7C-C3520A1F7078}.Release|iPhoneSimulator.ActiveCfg = Release|iPhoneSimulator
		{E09EF6C2-F7E3-45FD-8D7C-C3520A1F7078}.Release|iPhoneSimulator.Build.0 = Release|iPhoneSimulator
		{E09EF6C2-F7E3-45FD-8D7C-C3520A1F7078}.Release|x64.ActiveCfg = Release|iPhoneSimulator
		{E09EF6C2-F7E3-45FD-8D7C-C3520A1F7078}.Release|x86.ActiveCfg = Release|iPhoneSimulator
		{3C57790A-6909-43E5-A6A7-C04960EB8DCF}.Ad-Hoc|Any CPU.ActiveCfg = Debug|x86
		{3C57790A-6909-43E5-A6A7-C04960EB8DCF}.Ad-Hoc|Any CPU.Build.0 = Debug|x86
		{3C57790A-6909-43E5-A6A7-C04960EB8DCF}.Ad-Hoc|Any CPU.Deploy.0 = Debug|x86
		{3C57790A-6909-43E5-A6A7-C04960EB8DCF}.Ad-Hoc|ARM.ActiveCfg = Debug|ARM
		{3C57790A-6909-43E5-A6A7-C04960EB8DCF}.Ad-Hoc|ARM.Build.0 = Debug|ARM
		{3C57790A-6909-43E5-A6A7-C04960EB8DCF}.Ad-Hoc|ARM.Deploy.0 = Debug|ARM
		{3C57790A-6909-43E5-A6A7-C04960EB8DCF}.Ad-Hoc|ARM64.ActiveCfg = Debug|ARM64
		{3C57790A-6909-43E5-A6A7-C04960EB8DCF}.Ad-Hoc|ARM64.Build.0 = Debug|ARM64
		{3C57790A-6909-43E5-A6A7-C04960EB8DCF}.Ad-Hoc|ARM64.Deploy.0 = Debug|ARM64
		{3C57790A-6909-43E5-A6A7-C04960EB8DCF}.Ad-Hoc|iPhone.ActiveCfg = Debug|x86
		{3C57790A-6909-43E5-A6A7-C04960EB8DCF}.Ad-Hoc|iPhone.Build.0 = Debug|x86
		{3C57790A-6909-43E5-A6A7-C04960EB8DCF}.Ad-Hoc|iPhone.Deploy.0 = Debug|x86
		{3C57790A-6909-43E5-A6A7-C04960EB8DCF}.Ad-Hoc|iPhoneSimulator.ActiveCfg = Debug|x86
		{3C57790A-6909-43E5-A6A7-C04960EB8DCF}.Ad-Hoc|iPhoneSimulator.Build.0 = Debug|x86
		{3C57790A-6909-43E5-A6A7-C04960EB8DCF}.Ad-Hoc|iPhoneSimulator.Deploy.0 = Debug|x86
		{3C57790A-6909-43E5-A6A7-C04960EB8DCF}.Ad-Hoc|x64.ActiveCfg = Debug|x64
		{3C57790A-6909-43E5-A6A7-C04960EB8DCF}.Ad-Hoc|x64.Build.0 = Debug|x64
		{3C57790A-6909-43E5-A6A7-C04960EB8DCF}.Ad-Hoc|x64.Deploy.0 = Debug|x64
		{3C57790A-6909-43E5-A6A7-C04960EB8DCF}.Ad-Hoc|x86.ActiveCfg = Debug|x86
		{3C57790A-6909-43E5-A6A7-C04960EB8DCF}.Ad-Hoc|x86.Build.0 = Debug|x86
		{3C57790A-6909-43E5-A6A7-C04960EB8DCF}.Ad-Hoc|x86.Deploy.0 = Debug|x86
		{3C57790A-6909-43E5-A6A7-C04960EB8DCF}.AppStore|Any CPU.ActiveCfg = Debug|x86
		{3C57790A-6909-43E5-A6A7-C04960EB8DCF}.AppStore|Any CPU.Build.0 = Debug|x86
		{3C57790A-6909-43E5-A6A7-C04960EB8DCF}.AppStore|Any CPU.Deploy.0 = Debug|x86
		{3C57790A-6909-43E5-A6A7-C04960EB8DCF}.AppStore|ARM.ActiveCfg = Debug|ARM
		{3C57790A-6909-43E5-A6A7-C04960EB8DCF}.AppStore|ARM.Build.0 = Debug|ARM
		{3C57790A-6909-43E5-A6A7-C04960EB8DCF}.AppStore|ARM.Deploy.0 = Debug|ARM
		{3C57790A-6909-43E5-A6A7-C04960EB8DCF}.AppStore|ARM64.ActiveCfg = Debug|ARM64
		{3C57790A-6909-43E5-A6A7-C04960EB8DCF}.AppStore|ARM64.Build.0 = Debug|ARM64
		{3C57790A-6909-43E5-A6A7-C04960EB8DCF}.AppStore|ARM64.Deploy.0 = Debug|ARM64
		{3C57790A-6909-43E5-A6A7-C04960EB8DCF}.AppStore|iPhone.ActiveCfg = Debug|x86
		{3C57790A-6909-43E5-A6A7-C04960EB8DCF}.AppStore|iPhone.Build.0 = Debug|x86
		{3C57790A-6909-43E5-A6A7-C04960EB8DCF}.AppStore|iPhone.Deploy.0 = Debug|x86
		{3C57790A-6909-43E5-A6A7-C04960EB8DCF}.AppStore|iPhoneSimulator.ActiveCfg = Debug|x86
		{3C57790A-6909-43E5-A6A7-C04960EB8DCF}.AppStore|iPhoneSimulator.Build.0 = Debug|x86
		{3C57790A-6909-43E5-A6A7-C04960EB8DCF}.AppStore|iPhoneSimulator.Deploy.0 = Debug|x86
		{3C57790A-6909-43E5-A6A7-C04960EB8DCF}.AppStore|x64.ActiveCfg = Debug|x64
		{3C57790A-6909-43E5-A6A7-C04960EB8DCF}.AppStore|x64.Build.0 = Debug|x64
		{3C57790A-6909-43E5-A6A7-C04960EB8DCF}.AppStore|x64.Deploy.0 = Debug|x64
		{3C57790A-6909-43E5-A6A7-C04960EB8DCF}.AppStore|x86.ActiveCfg = Debug|x86
		{3C57790A-6909-43E5-A6A7-C04960EB8DCF}.AppStore|x86.Build.0 = Debug|x86
		{3C57790A-6909-43E5-A6A7-C04960EB8DCF}.AppStore|x86.Deploy.0 = Debug|x86
		{3C57790A-6909-43E5-A6A7-C04960EB8DCF}.Debug|Any CPU.ActiveCfg = Debug|x86
		{3C57790A-6909-43E5-A6A7-C04960EB8DCF}.Debug|Any CPU.Build.0 = Debug|x86
		{3C57790A-6909-43E5-A6A7-C04960EB8DCF}.Debug|Any CPU.Deploy.0 = Debug|x86
		{3C57790A-6909-43E5-A6A7-C04960EB8DCF}.Debug|ARM.ActiveCfg = Debug|ARM
		{3C57790A-6909-43E5-A6A7-C04960EB8DCF}.Debug|ARM.Build.0 = Debug|ARM
		{3C57790A-6909-43E5-A6A7-C04960EB8DCF}.Debug|ARM.Deploy.0 = Debug|ARM
		{3C57790A-6909-43E5-A6A7-C04960EB8DCF}.Debug|ARM64.ActiveCfg = Debug|ARM64
		{3C57790A-6909-43E5-A6A7-C04960EB8DCF}.Debug|ARM64.Build.0 = Debug|ARM64
		{3C57790A-6909-43E5-A6A7-C04960EB8DCF}.Debug|ARM64.Deploy.0 = Debug|ARM64
		{3C57790A-6909-43E5-A6A7-C04960EB8DCF}.Debug|iPhone.ActiveCfg = Debug|x86
		{3C57790A-6909-43E5-A6A7-C04960EB8DCF}.Debug|iPhoneSimulator.ActiveCfg = Debug|x86
		{3C57790A-6909-43E5-A6A7-C04960EB8DCF}.Debug|x64.ActiveCfg = Debug|x64
		{3C57790A-6909-43E5-A6A7-C04960EB8DCF}.Debug|x64.Build.0 = Debug|x64
		{3C57790A-6909-43E5-A6A7-C04960EB8DCF}.Debug|x64.Deploy.0 = Debug|x64
		{3C57790A-6909-43E5-A6A7-C04960EB8DCF}.Debug|x86.ActiveCfg = Debug|x86
		{3C57790A-6909-43E5-A6A7-C04960EB8DCF}.Debug|x86.Build.0 = Debug|x86
		{3C57790A-6909-43E5-A6A7-C04960EB8DCF}.Debug|x86.Deploy.0 = Debug|x86
		{3C57790A-6909-43E5-A6A7-C04960EB8DCF}.Release|Any CPU.ActiveCfg = Release|x86
		{3C57790A-6909-43E5-A6A7-C04960EB8DCF}.Release|ARM.ActiveCfg = Release|ARM
		{3C57790A-6909-43E5-A6A7-C04960EB8DCF}.Release|ARM.Build.0 = Release|ARM
		{3C57790A-6909-43E5-A6A7-C04960EB8DCF}.Release|ARM.Deploy.0 = Release|ARM
		{3C57790A-6909-43E5-A6A7-C04960EB8DCF}.Release|ARM64.ActiveCfg = Release|ARM64
		{3C57790A-6909-43E5-A6A7-C04960EB8DCF}.Release|ARM64.Build.0 = Release|ARM64
		{3C57790A-6909-43E5-A6A7-C04960EB8DCF}.Release|ARM64.Deploy.0 = Release|ARM64
		{3C57790A-6909-43E5-A6A7-C04960EB8DCF}.Release|iPhone.ActiveCfg = Release|x86
		{3C57790A-6909-43E5-A6A7-C04960EB8DCF}.Release|iPhoneSimulator.ActiveCfg = Release|x86
		{3C57790A-6909-43E5-A6A7-C04960EB8DCF}.Release|x64.ActiveCfg = Release|x64
		{3C57790A-6909-43E5-A6A7-C04960EB8DCF}.Release|x64.Build.0 = Release|x64
		{3C57790A-6909-43E5-A6A7-C04960EB8DCF}.Release|x64.Deploy.0 = Release|x64
		{3C57790A-6909-43E5-A6A7-C04960EB8DCF}.Release|x86.ActiveCfg = Release|x86
		{3C57790A-6909-43E5-A6A7-C04960EB8DCF}.Release|x86.Build.0 = Release|x86
		{3C57790A-6909-43E5-A6A7-C04960EB8DCF}.Release|x86.Deploy.0 = Release|x86
		{054D4E75-34AD-47A6-AB4A-481D0FBBB94C}.Ad-Hoc|Any CPU.ActiveCfg = Debug|Any CPU
		{054D4E75-34AD-47A6-AB4A-481D0FBBB94C}.Ad-Hoc|Any CPU.Build.0 = Debug|Any CPU
		{054D4E75-34AD-47A6-AB4A-481D0FBBB94C}.Ad-Hoc|ARM.ActiveCfg = Debug|Any CPU
		{054D4E75-34AD-47A6-AB4A-481D0FBBB94C}.Ad-Hoc|ARM.Build.0 = Debug|Any CPU
		{054D4E75-34AD-47A6-AB4A-481D0FBBB94C}.Ad-Hoc|ARM64.ActiveCfg = Debug|Any CPU
		{054D4E75-34AD-47A6-AB4A-481D0FBBB94C}.Ad-Hoc|ARM64.Build.0 = Debug|Any CPU
		{054D4E75-34AD-47A6-AB4A-481D0FBBB94C}.Ad-Hoc|iPhone.ActiveCfg = Debug|Any CPU
		{054D4E75-34AD-47A6-AB4A-481D0FBBB94C}.Ad-Hoc|iPhone.Build.0 = Debug|Any CPU
		{054D4E75-34AD-47A6-AB4A-481D0FBBB94C}.Ad-Hoc|iPhoneSimulator.ActiveCfg = Debug|Any CPU
		{054D4E75-34AD-47A6-AB4A-481D0FBBB94C}.Ad-Hoc|iPhoneSimulator.Build.0 = Debug|Any CPU
		{054D4E75-34AD-47A6-AB4A-481D0FBBB94C}.Ad-Hoc|x64.ActiveCfg = Debug|Any CPU
		{054D4E75-34AD-47A6-AB4A-481D0FBBB94C}.Ad-Hoc|x64.Build.0 = Debug|Any CPU
		{054D4E75-34AD-47A6-AB4A-481D0FBBB94C}.Ad-Hoc|x86.ActiveCfg = Debug|Any CPU
		{054D4E75-34AD-47A6-AB4A-481D0FBBB94C}.Ad-Hoc|x86.Build.0 = Debug|Any CPU
		{054D4E75-34AD-47A6-AB4A-481D0FBBB94C}.AppStore|Any CPU.ActiveCfg = Debug|Any CPU
		{054D4E75-34AD-47A6-AB4A-481D0FBBB94C}.AppStore|Any CPU.Build.0 = Debug|Any CPU
		{054D4E75-34AD-47A6-AB4A-481D0FBBB94C}.AppStore|ARM.ActiveCfg = Debug|Any CPU
		{054D4E75-34AD-47A6-AB4A-481D0FBBB94C}.AppStore|ARM.Build.0 = Debug|Any CPU
		{054D4E75-34AD-47A6-AB4A-481D0FBBB94C}.AppStore|ARM64.ActiveCfg = Debug|Any CPU
		{054D4E75-34AD-47A6-AB4A-481D0FBBB94C}.AppStore|ARM64.Build.0 = Debug|Any CPU
		{054D4E75-34AD-47A6-AB4A-481D0FBBB94C}.AppStore|iPhone.ActiveCfg = Debug|Any CPU
		{054D4E75-34AD-47A6-AB4A-481D0FBBB94C}.AppStore|iPhone.Build.0 = Debug|Any CPU
		{054D4E75-34AD-47A6-AB4A-481D0FBBB94C}.AppStore|iPhoneSimulator.ActiveCfg = Debug|Any CPU
		{054D4E75-34AD-47A6-AB4A-481D0FBBB94C}.AppStore|iPhoneSimulator.Build.0 = Debug|Any CPU
		{054D4E75-34AD-47A6-AB4A-481D0FBBB94C}.AppStore|x64.ActiveCfg = Debug|Any CPU
		{054D4E75-34AD-47A6-AB4A-481D0FBBB94C}.AppStore|x64.Build.0 = Debug|Any CPU
		{054D4E75-34AD-47A6-AB4A-481D0FBBB94C}.AppStore|x86.ActiveCfg = Debug|Any CPU
		{054D4E75-34AD-47A6-AB4A-481D0FBBB94C}.AppStore|x86.Build.0 = Debug|Any CPU
		{054D4E75-34AD-47A6-AB4A-481D0FBBB94C}.Debug|Any CPU.ActiveCfg = Debug|Any CPU
		{054D4E75-34AD-47A6-AB4A-481D0FBBB94C}.Debug|Any CPU.Build.0 = Debug|Any CPU
		{054D4E75-34AD-47A6-AB4A-481D0FBBB94C}.Debug|ARM.ActiveCfg = Debug|Any CPU
		{054D4E75-34AD-47A6-AB4A-481D0FBBB94C}.Debug|ARM.Build.0 = Debug|Any CPU
		{054D4E75-34AD-47A6-AB4A-481D0FBBB94C}.Debug|ARM64.ActiveCfg = Debug|Any CPU
		{054D4E75-34AD-47A6-AB4A-481D0FBBB94C}.Debug|ARM64.Build.0 = Debug|Any CPU
		{054D4E75-34AD-47A6-AB4A-481D0FBBB94C}.Debug|iPhone.ActiveCfg = Debug|Any CPU
		{054D4E75-34AD-47A6-AB4A-481D0FBBB94C}.Debug|iPhone.Build.0 = Debug|Any CPU
		{054D4E75-34AD-47A6-AB4A-481D0FBBB94C}.Debug|iPhoneSimulator.ActiveCfg = Debug|Any CPU
		{054D4E75-34AD-47A6-AB4A-481D0FBBB94C}.Debug|iPhoneSimulator.Build.0 = Debug|Any CPU
		{054D4E75-34AD-47A6-AB4A-481D0FBBB94C}.Debug|x64.ActiveCfg = Debug|Any CPU
		{054D4E75-34AD-47A6-AB4A-481D0FBBB94C}.Debug|x64.Build.0 = Debug|Any CPU
		{054D4E75-34AD-47A6-AB4A-481D0FBBB94C}.Debug|x86.ActiveCfg = Debug|Any CPU
		{054D4E75-34AD-47A6-AB4A-481D0FBBB94C}.Debug|x86.Build.0 = Debug|Any CPU
		{054D4E75-34AD-47A6-AB4A-481D0FBBB94C}.Release|Any CPU.ActiveCfg = Release|Any CPU
		{054D4E75-34AD-47A6-AB4A-481D0FBBB94C}.Release|Any CPU.Build.0 = Release|Any CPU
		{054D4E75-34AD-47A6-AB4A-481D0FBBB94C}.Release|ARM.ActiveCfg = Release|Any CPU
		{054D4E75-34AD-47A6-AB4A-481D0FBBB94C}.Release|ARM.Build.0 = Release|Any CPU
		{054D4E75-34AD-47A6-AB4A-481D0FBBB94C}.Release|ARM64.ActiveCfg = Release|Any CPU
		{054D4E75-34AD-47A6-AB4A-481D0FBBB94C}.Release|ARM64.Build.0 = Release|Any CPU
		{054D4E75-34AD-47A6-AB4A-481D0FBBB94C}.Release|iPhone.ActiveCfg = Release|Any CPU
		{054D4E75-34AD-47A6-AB4A-481D0FBBB94C}.Release|iPhone.Build.0 = Release|Any CPU
		{054D4E75-34AD-47A6-AB4A-481D0FBBB94C}.Release|iPhoneSimulator.ActiveCfg = Release|Any CPU
		{054D4E75-34AD-47A6-AB4A-481D0FBBB94C}.Release|iPhoneSimulator.Build.0 = Release|Any CPU
		{054D4E75-34AD-47A6-AB4A-481D0FBBB94C}.Release|x64.ActiveCfg = Release|Any CPU
		{054D4E75-34AD-47A6-AB4A-481D0FBBB94C}.Release|x64.Build.0 = Release|Any CPU
		{054D4E75-34AD-47A6-AB4A-481D0FBBB94C}.Release|x86.ActiveCfg = Release|Any CPU
		{054D4E75-34AD-47A6-AB4A-481D0FBBB94C}.Release|x86.Build.0 = Release|Any CPU
		{05EB31C0-D9C5-43AB-97B5-760BC27D5EB9}.Ad-Hoc|Any CPU.ActiveCfg = Debug|iPhoneSimulator
		{05EB31C0-D9C5-43AB-97B5-760BC27D5EB9}.Ad-Hoc|Any CPU.Build.0 = Debug|iPhoneSimulator
		{05EB31C0-D9C5-43AB-97B5-760BC27D5EB9}.Ad-Hoc|ARM.ActiveCfg = Debug|iPhoneSimulator
		{05EB31C0-D9C5-43AB-97B5-760BC27D5EB9}.Ad-Hoc|ARM.Build.0 = Debug|iPhoneSimulator
		{05EB31C0-D9C5-43AB-97B5-760BC27D5EB9}.Ad-Hoc|ARM64.ActiveCfg = Debug|iPhoneSimulator
		{05EB31C0-D9C5-43AB-97B5-760BC27D5EB9}.Ad-Hoc|ARM64.Build.0 = Debug|iPhoneSimulator
		{05EB31C0-D9C5-43AB-97B5-760BC27D5EB9}.Ad-Hoc|iPhone.ActiveCfg = Debug|iPhoneSimulator
		{05EB31C0-D9C5-43AB-97B5-760BC27D5EB9}.Ad-Hoc|iPhone.Build.0 = Debug|iPhoneSimulator
		{05EB31C0-D9C5-43AB-97B5-760BC27D5EB9}.Ad-Hoc|iPhoneSimulator.ActiveCfg = Debug|iPhoneSimulator
		{05EB31C0-D9C5-43AB-97B5-760BC27D5EB9}.Ad-Hoc|iPhoneSimulator.Build.0 = Debug|iPhoneSimulator
		{05EB31C0-D9C5-43AB-97B5-760BC27D5EB9}.Ad-Hoc|x64.ActiveCfg = Debug|iPhoneSimulator
		{05EB31C0-D9C5-43AB-97B5-760BC27D5EB9}.Ad-Hoc|x64.Build.0 = Debug|iPhoneSimulator
		{05EB31C0-D9C5-43AB-97B5-760BC27D5EB9}.Ad-Hoc|x86.ActiveCfg = Debug|iPhoneSimulator
		{05EB31C0-D9C5-43AB-97B5-760BC27D5EB9}.Ad-Hoc|x86.Build.0 = Debug|iPhoneSimulator
		{05EB31C0-D9C5-43AB-97B5-760BC27D5EB9}.AppStore|Any CPU.ActiveCfg = Debug|iPhoneSimulator
		{05EB31C0-D9C5-43AB-97B5-760BC27D5EB9}.AppStore|Any CPU.Build.0 = Debug|iPhoneSimulator
		{05EB31C0-D9C5-43AB-97B5-760BC27D5EB9}.AppStore|ARM.ActiveCfg = Debug|iPhoneSimulator
		{05EB31C0-D9C5-43AB-97B5-760BC27D5EB9}.AppStore|ARM.Build.0 = Debug|iPhoneSimulator
		{05EB31C0-D9C5-43AB-97B5-760BC27D5EB9}.AppStore|ARM64.ActiveCfg = Debug|iPhoneSimulator
		{05EB31C0-D9C5-43AB-97B5-760BC27D5EB9}.AppStore|ARM64.Build.0 = Debug|iPhoneSimulator
		{05EB31C0-D9C5-43AB-97B5-760BC27D5EB9}.AppStore|iPhone.ActiveCfg = Debug|iPhoneSimulator
		{05EB31C0-D9C5-43AB-97B5-760BC27D5EB9}.AppStore|iPhone.Build.0 = Debug|iPhoneSimulator
		{05EB31C0-D9C5-43AB-97B5-760BC27D5EB9}.AppStore|iPhoneSimulator.ActiveCfg = Debug|iPhoneSimulator
		{05EB31C0-D9C5-43AB-97B5-760BC27D5EB9}.AppStore|iPhoneSimulator.Build.0 = Debug|iPhoneSimulator
		{05EB31C0-D9C5-43AB-97B5-760BC27D5EB9}.AppStore|x64.ActiveCfg = Debug|iPhoneSimulator
		{05EB31C0-D9C5-43AB-97B5-760BC27D5EB9}.AppStore|x64.Build.0 = Debug|iPhoneSimulator
		{05EB31C0-D9C5-43AB-97B5-760BC27D5EB9}.AppStore|x86.ActiveCfg = Debug|iPhoneSimulator
		{05EB31C0-D9C5-43AB-97B5-760BC27D5EB9}.AppStore|x86.Build.0 = Debug|iPhoneSimulator
		{05EB31C0-D9C5-43AB-97B5-760BC27D5EB9}.Debug|Any CPU.ActiveCfg = Debug|iPhoneSimulator
		{05EB31C0-D9C5-43AB-97B5-760BC27D5EB9}.Debug|ARM.ActiveCfg = Debug|iPhoneSimulator
		{05EB31C0-D9C5-43AB-97B5-760BC27D5EB9}.Debug|ARM64.ActiveCfg = Debug|iPhoneSimulator
		{05EB31C0-D9C5-43AB-97B5-760BC27D5EB9}.Debug|iPhone.ActiveCfg = Debug|iPhoneSimulator
		{05EB31C0-D9C5-43AB-97B5-760BC27D5EB9}.Debug|iPhoneSimulator.ActiveCfg = Debug|iPhoneSimulator
		{05EB31C0-D9C5-43AB-97B5-760BC27D5EB9}.Debug|iPhoneSimulator.Build.0 = Debug|iPhoneSimulator
		{05EB31C0-D9C5-43AB-97B5-760BC27D5EB9}.Debug|x64.ActiveCfg = Debug|iPhoneSimulator
		{05EB31C0-D9C5-43AB-97B5-760BC27D5EB9}.Debug|x86.ActiveCfg = Debug|iPhoneSimulator
		{05EB31C0-D9C5-43AB-97B5-760BC27D5EB9}.Release|Any CPU.ActiveCfg = Release|iPhoneSimulator
		{05EB31C0-D9C5-43AB-97B5-760BC27D5EB9}.Release|ARM.ActiveCfg = Release|iPhoneSimulator
		{05EB31C0-D9C5-43AB-97B5-760BC27D5EB9}.Release|ARM64.ActiveCfg = Release|iPhoneSimulator
		{05EB31C0-D9C5-43AB-97B5-760BC27D5EB9}.Release|iPhone.ActiveCfg = Release|iPhoneSimulator
		{05EB31C0-D9C5-43AB-97B5-760BC27D5EB9}.Release|iPhoneSimulator.ActiveCfg = Release|iPhoneSimulator
		{05EB31C0-D9C5-43AB-97B5-760BC27D5EB9}.Release|iPhoneSimulator.Build.0 = Release|iPhoneSimulator
		{05EB31C0-D9C5-43AB-97B5-760BC27D5EB9}.Release|x64.ActiveCfg = Release|iPhoneSimulator
		{05EB31C0-D9C5-43AB-97B5-760BC27D5EB9}.Release|x86.ActiveCfg = Release|iPhoneSimulator
		{FEF977D5-6962-4ED8-B53F-6D1120A4C83D}.Ad-Hoc|Any CPU.ActiveCfg = Debug|Any CPU
		{FEF977D5-6962-4ED8-B53F-6D1120A4C83D}.Ad-Hoc|Any CPU.Build.0 = Debug|Any CPU
		{FEF977D5-6962-4ED8-B53F-6D1120A4C83D}.Ad-Hoc|ARM.ActiveCfg = Debug|Any CPU
		{FEF977D5-6962-4ED8-B53F-6D1120A4C83D}.Ad-Hoc|ARM.Build.0 = Debug|Any CPU
		{FEF977D5-6962-4ED8-B53F-6D1120A4C83D}.Ad-Hoc|ARM64.ActiveCfg = Debug|Any CPU
		{FEF977D5-6962-4ED8-B53F-6D1120A4C83D}.Ad-Hoc|ARM64.Build.0 = Debug|Any CPU
		{FEF977D5-6962-4ED8-B53F-6D1120A4C83D}.Ad-Hoc|iPhone.ActiveCfg = Debug|Any CPU
		{FEF977D5-6962-4ED8-B53F-6D1120A4C83D}.Ad-Hoc|iPhone.Build.0 = Debug|Any CPU
		{FEF977D5-6962-4ED8-B53F-6D1120A4C83D}.Ad-Hoc|iPhoneSimulator.ActiveCfg = Debug|Any CPU
		{FEF977D5-6962-4ED8-B53F-6D1120A4C83D}.Ad-Hoc|iPhoneSimulator.Build.0 = Debug|Any CPU
		{FEF977D5-6962-4ED8-B53F-6D1120A4C83D}.Ad-Hoc|x64.ActiveCfg = Debug|Any CPU
		{FEF977D5-6962-4ED8-B53F-6D1120A4C83D}.Ad-Hoc|x64.Build.0 = Debug|Any CPU
		{FEF977D5-6962-4ED8-B53F-6D1120A4C83D}.Ad-Hoc|x86.ActiveCfg = Debug|Any CPU
		{FEF977D5-6962-4ED8-B53F-6D1120A4C83D}.Ad-Hoc|x86.Build.0 = Debug|Any CPU
		{FEF977D5-6962-4ED8-B53F-6D1120A4C83D}.AppStore|Any CPU.ActiveCfg = Debug|Any CPU
		{FEF977D5-6962-4ED8-B53F-6D1120A4C83D}.AppStore|Any CPU.Build.0 = Debug|Any CPU
		{FEF977D5-6962-4ED8-B53F-6D1120A4C83D}.AppStore|ARM.ActiveCfg = Debug|Any CPU
		{FEF977D5-6962-4ED8-B53F-6D1120A4C83D}.AppStore|ARM.Build.0 = Debug|Any CPU
		{FEF977D5-6962-4ED8-B53F-6D1120A4C83D}.AppStore|ARM64.ActiveCfg = Debug|Any CPU
		{FEF977D5-6962-4ED8-B53F-6D1120A4C83D}.AppStore|ARM64.Build.0 = Debug|Any CPU
		{FEF977D5-6962-4ED8-B53F-6D1120A4C83D}.AppStore|iPhone.ActiveCfg = Debug|Any CPU
		{FEF977D5-6962-4ED8-B53F-6D1120A4C83D}.AppStore|iPhone.Build.0 = Debug|Any CPU
		{FEF977D5-6962-4ED8-B53F-6D1120A4C83D}.AppStore|iPhoneSimulator.ActiveCfg = Debug|Any CPU
		{FEF977D5-6962-4ED8-B53F-6D1120A4C83D}.AppStore|iPhoneSimulator.Build.0 = Debug|Any CPU
		{FEF977D5-6962-4ED8-B53F-6D1120A4C83D}.AppStore|x64.ActiveCfg = Debug|Any CPU
		{FEF977D5-6962-4ED8-B53F-6D1120A4C83D}.AppStore|x64.Build.0 = Debug|Any CPU
		{FEF977D5-6962-4ED8-B53F-6D1120A4C83D}.AppStore|x86.ActiveCfg = Debug|Any CPU
		{FEF977D5-6962-4ED8-B53F-6D1120A4C83D}.AppStore|x86.Build.0 = Debug|Any CPU
		{FEF977D5-6962-4ED8-B53F-6D1120A4C83D}.Debug|Any CPU.ActiveCfg = Debug|Any CPU
		{FEF977D5-6962-4ED8-B53F-6D1120A4C83D}.Debug|Any CPU.Build.0 = Debug|Any CPU
		{FEF977D5-6962-4ED8-B53F-6D1120A4C83D}.Debug|ARM.ActiveCfg = Debug|Any CPU
		{FEF977D5-6962-4ED8-B53F-6D1120A4C83D}.Debug|ARM.Build.0 = Debug|Any CPU
		{FEF977D5-6962-4ED8-B53F-6D1120A4C83D}.Debug|ARM64.ActiveCfg = Debug|Any CPU
		{FEF977D5-6962-4ED8-B53F-6D1120A4C83D}.Debug|ARM64.Build.0 = Debug|Any CPU
		{FEF977D5-6962-4ED8-B53F-6D1120A4C83D}.Debug|iPhone.ActiveCfg = Debug|Any CPU
		{FEF977D5-6962-4ED8-B53F-6D1120A4C83D}.Debug|iPhone.Build.0 = Debug|Any CPU
		{FEF977D5-6962-4ED8-B53F-6D1120A4C83D}.Debug|iPhoneSimulator.ActiveCfg = Debug|Any CPU
		{FEF977D5-6962-4ED8-B53F-6D1120A4C83D}.Debug|iPhoneSimulator.Build.0 = Debug|Any CPU
		{FEF977D5-6962-4ED8-B53F-6D1120A4C83D}.Debug|x64.ActiveCfg = Debug|Any CPU
		{FEF977D5-6962-4ED8-B53F-6D1120A4C83D}.Debug|x64.Build.0 = Debug|Any CPU
		{FEF977D5-6962-4ED8-B53F-6D1120A4C83D}.Debug|x86.ActiveCfg = Debug|Any CPU
		{FEF977D5-6962-4ED8-B53F-6D1120A4C83D}.Debug|x86.Build.0 = Debug|Any CPU
		{FEF977D5-6962-4ED8-B53F-6D1120A4C83D}.Release|Any CPU.ActiveCfg = Release|Any CPU
		{FEF977D5-6962-4ED8-B53F-6D1120A4C83D}.Release|Any CPU.Build.0 = Release|Any CPU
		{FEF977D5-6962-4ED8-B53F-6D1120A4C83D}.Release|ARM.ActiveCfg = Release|Any CPU
		{FEF977D5-6962-4ED8-B53F-6D1120A4C83D}.Release|ARM.Build.0 = Release|Any CPU
		{FEF977D5-6962-4ED8-B53F-6D1120A4C83D}.Release|ARM64.ActiveCfg = Release|Any CPU
		{FEF977D5-6962-4ED8-B53F-6D1120A4C83D}.Release|ARM64.Build.0 = Release|Any CPU
		{FEF977D5-6962-4ED8-B53F-6D1120A4C83D}.Release|iPhone.ActiveCfg = Release|Any CPU
		{FEF977D5-6962-4ED8-B53F-6D1120A4C83D}.Release|iPhone.Build.0 = Release|Any CPU
		{FEF977D5-6962-4ED8-B53F-6D1120A4C83D}.Release|iPhoneSimulator.ActiveCfg = Release|Any CPU
		{FEF977D5-6962-4ED8-B53F-6D1120A4C83D}.Release|iPhoneSimulator.Build.0 = Release|Any CPU
		{FEF977D5-6962-4ED8-B53F-6D1120A4C83D}.Release|x64.ActiveCfg = Release|Any CPU
		{FEF977D5-6962-4ED8-B53F-6D1120A4C83D}.Release|x64.Build.0 = Release|Any CPU
		{FEF977D5-6962-4ED8-B53F-6D1120A4C83D}.Release|x86.ActiveCfg = Release|Any CPU
		{FEF977D5-6962-4ED8-B53F-6D1120A4C83D}.Release|x86.Build.0 = Release|Any CPU
		{082CC3F9-35C3-42EA-8E6F-1AA3AB500126}.Ad-Hoc|Any CPU.ActiveCfg = Debug|Any CPU
		{082CC3F9-35C3-42EA-8E6F-1AA3AB500126}.Ad-Hoc|Any CPU.Build.0 = Debug|Any CPU
		{082CC3F9-35C3-42EA-8E6F-1AA3AB500126}.Ad-Hoc|ARM.ActiveCfg = Debug|Any CPU
		{082CC3F9-35C3-42EA-8E6F-1AA3AB500126}.Ad-Hoc|ARM.Build.0 = Debug|Any CPU
		{082CC3F9-35C3-42EA-8E6F-1AA3AB500126}.Ad-Hoc|ARM64.ActiveCfg = Debug|Any CPU
		{082CC3F9-35C3-42EA-8E6F-1AA3AB500126}.Ad-Hoc|ARM64.Build.0 = Debug|Any CPU
		{082CC3F9-35C3-42EA-8E6F-1AA3AB500126}.Ad-Hoc|iPhone.ActiveCfg = Debug|Any CPU
		{082CC3F9-35C3-42EA-8E6F-1AA3AB500126}.Ad-Hoc|iPhone.Build.0 = Debug|Any CPU
		{082CC3F9-35C3-42EA-8E6F-1AA3AB500126}.Ad-Hoc|iPhoneSimulator.ActiveCfg = Debug|Any CPU
		{082CC3F9-35C3-42EA-8E6F-1AA3AB500126}.Ad-Hoc|iPhoneSimulator.Build.0 = Debug|Any CPU
		{082CC3F9-35C3-42EA-8E6F-1AA3AB500126}.Ad-Hoc|x64.ActiveCfg = Debug|Any CPU
		{082CC3F9-35C3-42EA-8E6F-1AA3AB500126}.Ad-Hoc|x64.Build.0 = Debug|Any CPU
		{082CC3F9-35C3-42EA-8E6F-1AA3AB500126}.Ad-Hoc|x86.ActiveCfg = Debug|Any CPU
		{082CC3F9-35C3-42EA-8E6F-1AA3AB500126}.Ad-Hoc|x86.Build.0 = Debug|Any CPU
		{082CC3F9-35C3-42EA-8E6F-1AA3AB500126}.AppStore|Any CPU.ActiveCfg = Debug|Any CPU
		{082CC3F9-35C3-42EA-8E6F-1AA3AB500126}.AppStore|Any CPU.Build.0 = Debug|Any CPU
		{082CC3F9-35C3-42EA-8E6F-1AA3AB500126}.AppStore|ARM.ActiveCfg = Debug|Any CPU
		{082CC3F9-35C3-42EA-8E6F-1AA3AB500126}.AppStore|ARM.Build.0 = Debug|Any CPU
		{082CC3F9-35C3-42EA-8E6F-1AA3AB500126}.AppStore|ARM64.ActiveCfg = Debug|Any CPU
		{082CC3F9-35C3-42EA-8E6F-1AA3AB500126}.AppStore|ARM64.Build.0 = Debug|Any CPU
		{082CC3F9-35C3-42EA-8E6F-1AA3AB500126}.AppStore|iPhone.ActiveCfg = Debug|Any CPU
		{082CC3F9-35C3-42EA-8E6F-1AA3AB500126}.AppStore|iPhone.Build.0 = Debug|Any CPU
		{082CC3F9-35C3-42EA-8E6F-1AA3AB500126}.AppStore|iPhoneSimulator.ActiveCfg = Debug|Any CPU
		{082CC3F9-35C3-42EA-8E6F-1AA3AB500126}.AppStore|iPhoneSimulator.Build.0 = Debug|Any CPU
		{082CC3F9-35C3-42EA-8E6F-1AA3AB500126}.AppStore|x64.ActiveCfg = Debug|Any CPU
		{082CC3F9-35C3-42EA-8E6F-1AA3AB500126}.AppStore|x64.Build.0 = Debug|Any CPU
		{082CC3F9-35C3-42EA-8E6F-1AA3AB500126}.AppStore|x86.ActiveCfg = Debug|Any CPU
		{082CC3F9-35C3-42EA-8E6F-1AA3AB500126}.AppStore|x86.Build.0 = Debug|Any CPU
		{082CC3F9-35C3-42EA-8E6F-1AA3AB500126}.Debug|Any CPU.ActiveCfg = Debug|Any CPU
		{082CC3F9-35C3-42EA-8E6F-1AA3AB500126}.Debug|Any CPU.Build.0 = Debug|Any CPU
		{082CC3F9-35C3-42EA-8E6F-1AA3AB500126}.Debug|ARM.ActiveCfg = Debug|Any CPU
		{082CC3F9-35C3-42EA-8E6F-1AA3AB500126}.Debug|ARM.Build.0 = Debug|Any CPU
		{082CC3F9-35C3-42EA-8E6F-1AA3AB500126}.Debug|ARM64.ActiveCfg = Debug|Any CPU
		{082CC3F9-35C3-42EA-8E6F-1AA3AB500126}.Debug|ARM64.Build.0 = Debug|Any CPU
		{082CC3F9-35C3-42EA-8E6F-1AA3AB500126}.Debug|iPhone.ActiveCfg = Debug|Any CPU
		{082CC3F9-35C3-42EA-8E6F-1AA3AB500126}.Debug|iPhone.Build.0 = Debug|Any CPU
		{082CC3F9-35C3-42EA-8E6F-1AA3AB500126}.Debug|iPhoneSimulator.ActiveCfg = Debug|Any CPU
		{082CC3F9-35C3-42EA-8E6F-1AA3AB500126}.Debug|iPhoneSimulator.Build.0 = Debug|Any CPU
		{082CC3F9-35C3-42EA-8E6F-1AA3AB500126}.Debug|x64.ActiveCfg = Debug|Any CPU
		{082CC3F9-35C3-42EA-8E6F-1AA3AB500126}.Debug|x64.Build.0 = Debug|Any CPU
		{082CC3F9-35C3-42EA-8E6F-1AA3AB500126}.Debug|x86.ActiveCfg = Debug|Any CPU
		{082CC3F9-35C3-42EA-8E6F-1AA3AB500126}.Debug|x86.Build.0 = Debug|Any CPU
		{082CC3F9-35C3-42EA-8E6F-1AA3AB500126}.Release|Any CPU.ActiveCfg = Release|Any CPU
		{082CC3F9-35C3-42EA-8E6F-1AA3AB500126}.Release|Any CPU.Build.0 = Release|Any CPU
		{082CC3F9-35C3-42EA-8E6F-1AA3AB500126}.Release|ARM.ActiveCfg = Release|Any CPU
		{082CC3F9-35C3-42EA-8E6F-1AA3AB500126}.Release|ARM.Build.0 = Release|Any CPU
		{082CC3F9-35C3-42EA-8E6F-1AA3AB500126}.Release|ARM64.ActiveCfg = Release|Any CPU
		{082CC3F9-35C3-42EA-8E6F-1AA3AB500126}.Release|ARM64.Build.0 = Release|Any CPU
		{082CC3F9-35C3-42EA-8E6F-1AA3AB500126}.Release|iPhone.ActiveCfg = Release|Any CPU
		{082CC3F9-35C3-42EA-8E6F-1AA3AB500126}.Release|iPhone.Build.0 = Release|Any CPU
		{082CC3F9-35C3-42EA-8E6F-1AA3AB500126}.Release|iPhoneSimulator.ActiveCfg = Release|Any CPU
		{082CC3F9-35C3-42EA-8E6F-1AA3AB500126}.Release|iPhoneSimulator.Build.0 = Release|Any CPU
		{082CC3F9-35C3-42EA-8E6F-1AA3AB500126}.Release|x64.ActiveCfg = Release|Any CPU
		{082CC3F9-35C3-42EA-8E6F-1AA3AB500126}.Release|x64.Build.0 = Release|Any CPU
		{082CC3F9-35C3-42EA-8E6F-1AA3AB500126}.Release|x86.ActiveCfg = Release|Any CPU
		{082CC3F9-35C3-42EA-8E6F-1AA3AB500126}.Release|x86.Build.0 = Release|Any CPU
		{5D292A45-E1D3-4822-A382-A50C0F620654}.Ad-Hoc|Any CPU.ActiveCfg = Debug|Any CPU
		{5D292A45-E1D3-4822-A382-A50C0F620654}.Ad-Hoc|Any CPU.Build.0 = Debug|Any CPU
		{5D292A45-E1D3-4822-A382-A50C0F620654}.Ad-Hoc|ARM.ActiveCfg = Debug|Any CPU
		{5D292A45-E1D3-4822-A382-A50C0F620654}.Ad-Hoc|ARM.Build.0 = Debug|Any CPU
		{5D292A45-E1D3-4822-A382-A50C0F620654}.Ad-Hoc|ARM64.ActiveCfg = Debug|Any CPU
		{5D292A45-E1D3-4822-A382-A50C0F620654}.Ad-Hoc|ARM64.Build.0 = Debug|Any CPU
		{5D292A45-E1D3-4822-A382-A50C0F620654}.Ad-Hoc|iPhone.ActiveCfg = Debug|Any CPU
		{5D292A45-E1D3-4822-A382-A50C0F620654}.Ad-Hoc|iPhone.Build.0 = Debug|Any CPU
		{5D292A45-E1D3-4822-A382-A50C0F620654}.Ad-Hoc|iPhoneSimulator.ActiveCfg = Debug|Any CPU
		{5D292A45-E1D3-4822-A382-A50C0F620654}.Ad-Hoc|iPhoneSimulator.Build.0 = Debug|Any CPU
		{5D292A45-E1D3-4822-A382-A50C0F620654}.Ad-Hoc|x64.ActiveCfg = Debug|Any CPU
		{5D292A45-E1D3-4822-A382-A50C0F620654}.Ad-Hoc|x64.Build.0 = Debug|Any CPU
		{5D292A45-E1D3-4822-A382-A50C0F620654}.Ad-Hoc|x86.ActiveCfg = Debug|Any CPU
		{5D292A45-E1D3-4822-A382-A50C0F620654}.Ad-Hoc|x86.Build.0 = Debug|Any CPU
		{5D292A45-E1D3-4822-A382-A50C0F620654}.AppStore|Any CPU.ActiveCfg = Debug|Any CPU
		{5D292A45-E1D3-4822-A382-A50C0F620654}.AppStore|Any CPU.Build.0 = Debug|Any CPU
		{5D292A45-E1D3-4822-A382-A50C0F620654}.AppStore|ARM.ActiveCfg = Debug|Any CPU
		{5D292A45-E1D3-4822-A382-A50C0F620654}.AppStore|ARM.Build.0 = Debug|Any CPU
		{5D292A45-E1D3-4822-A382-A50C0F620654}.AppStore|ARM64.ActiveCfg = Debug|Any CPU
		{5D292A45-E1D3-4822-A382-A50C0F620654}.AppStore|ARM64.Build.0 = Debug|Any CPU
		{5D292A45-E1D3-4822-A382-A50C0F620654}.AppStore|iPhone.ActiveCfg = Debug|Any CPU
		{5D292A45-E1D3-4822-A382-A50C0F620654}.AppStore|iPhone.Build.0 = Debug|Any CPU
		{5D292A45-E1D3-4822-A382-A50C0F620654}.AppStore|iPhoneSimulator.ActiveCfg = Debug|Any CPU
		{5D292A45-E1D3-4822-A382-A50C0F620654}.AppStore|iPhoneSimulator.Build.0 = Debug|Any CPU
		{5D292A45-E1D3-4822-A382-A50C0F620654}.AppStore|x64.ActiveCfg = Debug|Any CPU
		{5D292A45-E1D3-4822-A382-A50C0F620654}.AppStore|x64.Build.0 = Debug|Any CPU
		{5D292A45-E1D3-4822-A382-A50C0F620654}.AppStore|x86.ActiveCfg = Debug|Any CPU
		{5D292A45-E1D3-4822-A382-A50C0F620654}.AppStore|x86.Build.0 = Debug|Any CPU
		{5D292A45-E1D3-4822-A382-A50C0F620654}.Debug|Any CPU.ActiveCfg = Debug|Any CPU
		{5D292A45-E1D3-4822-A382-A50C0F620654}.Debug|Any CPU.Build.0 = Debug|Any CPU
		{5D292A45-E1D3-4822-A382-A50C0F620654}.Debug|ARM.ActiveCfg = Debug|Any CPU
		{5D292A45-E1D3-4822-A382-A50C0F620654}.Debug|ARM.Build.0 = Debug|Any CPU
		{5D292A45-E1D3-4822-A382-A50C0F620654}.Debug|ARM64.ActiveCfg = Debug|Any CPU
		{5D292A45-E1D3-4822-A382-A50C0F620654}.Debug|ARM64.Build.0 = Debug|Any CPU
		{5D292A45-E1D3-4822-A382-A50C0F620654}.Debug|iPhone.ActiveCfg = Debug|Any CPU
		{5D292A45-E1D3-4822-A382-A50C0F620654}.Debug|iPhone.Build.0 = Debug|Any CPU
		{5D292A45-E1D3-4822-A382-A50C0F620654}.Debug|iPhoneSimulator.ActiveCfg = Debug|Any CPU
		{5D292A45-E1D3-4822-A382-A50C0F620654}.Debug|iPhoneSimulator.Build.0 = Debug|Any CPU
		{5D292A45-E1D3-4822-A382-A50C0F620654}.Debug|x64.ActiveCfg = Debug|Any CPU
		{5D292A45-E1D3-4822-A382-A50C0F620654}.Debug|x64.Build.0 = Debug|Any CPU
		{5D292A45-E1D3-4822-A382-A50C0F620654}.Debug|x86.ActiveCfg = Debug|Any CPU
		{5D292A45-E1D3-4822-A382-A50C0F620654}.Debug|x86.Build.0 = Debug|Any CPU
		{5D292A45-E1D3-4822-A382-A50C0F620654}.Release|Any CPU.ActiveCfg = Release|Any CPU
		{5D292A45-E1D3-4822-A382-A50C0F620654}.Release|Any CPU.Build.0 = Release|Any CPU
		{5D292A45-E1D3-4822-A382-A50C0F620654}.Release|ARM.ActiveCfg = Release|Any CPU
		{5D292A45-E1D3-4822-A382-A50C0F620654}.Release|ARM.Build.0 = Release|Any CPU
		{5D292A45-E1D3-4822-A382-A50C0F620654}.Release|ARM64.ActiveCfg = Release|Any CPU
		{5D292A45-E1D3-4822-A382-A50C0F620654}.Release|ARM64.Build.0 = Release|Any CPU
		{5D292A45-E1D3-4822-A382-A50C0F620654}.Release|iPhone.ActiveCfg = Release|Any CPU
		{5D292A45-E1D3-4822-A382-A50C0F620654}.Release|iPhone.Build.0 = Release|Any CPU
		{5D292A45-E1D3-4822-A382-A50C0F620654}.Release|iPhoneSimulator.ActiveCfg = Release|Any CPU
		{5D292A45-E1D3-4822-A382-A50C0F620654}.Release|iPhoneSimulator.Build.0 = Release|Any CPU
		{5D292A45-E1D3-4822-A382-A50C0F620654}.Release|x64.ActiveCfg = Release|Any CPU
		{5D292A45-E1D3-4822-A382-A50C0F620654}.Release|x64.Build.0 = Release|Any CPU
		{5D292A45-E1D3-4822-A382-A50C0F620654}.Release|x86.ActiveCfg = Release|Any CPU
		{5D292A45-E1D3-4822-A382-A50C0F620654}.Release|x86.Build.0 = Release|Any CPU
		{F18DCFD5-41E8-4C22-A53B-4E1B1A163E4A}.Ad-Hoc|Any CPU.ActiveCfg = Debug|Any CPU
		{F18DCFD5-41E8-4C22-A53B-4E1B1A163E4A}.Ad-Hoc|Any CPU.Build.0 = Debug|Any CPU
		{F18DCFD5-41E8-4C22-A53B-4E1B1A163E4A}.Ad-Hoc|ARM.ActiveCfg = Debug|Any CPU
		{F18DCFD5-41E8-4C22-A53B-4E1B1A163E4A}.Ad-Hoc|ARM.Build.0 = Debug|Any CPU
		{F18DCFD5-41E8-4C22-A53B-4E1B1A163E4A}.Ad-Hoc|ARM64.ActiveCfg = Debug|Any CPU
		{F18DCFD5-41E8-4C22-A53B-4E1B1A163E4A}.Ad-Hoc|ARM64.Build.0 = Debug|Any CPU
		{F18DCFD5-41E8-4C22-A53B-4E1B1A163E4A}.Ad-Hoc|iPhone.ActiveCfg = Debug|Any CPU
		{F18DCFD5-41E8-4C22-A53B-4E1B1A163E4A}.Ad-Hoc|iPhone.Build.0 = Debug|Any CPU
		{F18DCFD5-41E8-4C22-A53B-4E1B1A163E4A}.Ad-Hoc|iPhoneSimulator.ActiveCfg = Debug|Any CPU
		{F18DCFD5-41E8-4C22-A53B-4E1B1A163E4A}.Ad-Hoc|iPhoneSimulator.Build.0 = Debug|Any CPU
		{F18DCFD5-41E8-4C22-A53B-4E1B1A163E4A}.Ad-Hoc|x64.ActiveCfg = Debug|Any CPU
		{F18DCFD5-41E8-4C22-A53B-4E1B1A163E4A}.Ad-Hoc|x64.Build.0 = Debug|Any CPU
		{F18DCFD5-41E8-4C22-A53B-4E1B1A163E4A}.Ad-Hoc|x86.ActiveCfg = Debug|Any CPU
		{F18DCFD5-41E8-4C22-A53B-4E1B1A163E4A}.Ad-Hoc|x86.Build.0 = Debug|Any CPU
		{F18DCFD5-41E8-4C22-A53B-4E1B1A163E4A}.AppStore|Any CPU.ActiveCfg = Debug|Any CPU
		{F18DCFD5-41E8-4C22-A53B-4E1B1A163E4A}.AppStore|Any CPU.Build.0 = Debug|Any CPU
		{F18DCFD5-41E8-4C22-A53B-4E1B1A163E4A}.AppStore|ARM.ActiveCfg = Debug|Any CPU
		{F18DCFD5-41E8-4C22-A53B-4E1B1A163E4A}.AppStore|ARM.Build.0 = Debug|Any CPU
		{F18DCFD5-41E8-4C22-A53B-4E1B1A163E4A}.AppStore|ARM64.ActiveCfg = Debug|Any CPU
		{F18DCFD5-41E8-4C22-A53B-4E1B1A163E4A}.AppStore|ARM64.Build.0 = Debug|Any CPU
		{F18DCFD5-41E8-4C22-A53B-4E1B1A163E4A}.AppStore|iPhone.ActiveCfg = Debug|Any CPU
		{F18DCFD5-41E8-4C22-A53B-4E1B1A163E4A}.AppStore|iPhone.Build.0 = Debug|Any CPU
		{F18DCFD5-41E8-4C22-A53B-4E1B1A163E4A}.AppStore|iPhoneSimulator.ActiveCfg = Debug|Any CPU
		{F18DCFD5-41E8-4C22-A53B-4E1B1A163E4A}.AppStore|iPhoneSimulator.Build.0 = Debug|Any CPU
		{F18DCFD5-41E8-4C22-A53B-4E1B1A163E4A}.AppStore|x64.ActiveCfg = Debug|Any CPU
		{F18DCFD5-41E8-4C22-A53B-4E1B1A163E4A}.AppStore|x64.Build.0 = Debug|Any CPU
		{F18DCFD5-41E8-4C22-A53B-4E1B1A163E4A}.AppStore|x86.ActiveCfg = Debug|Any CPU
		{F18DCFD5-41E8-4C22-A53B-4E1B1A163E4A}.AppStore|x86.Build.0 = Debug|Any CPU
		{F18DCFD5-41E8-4C22-A53B-4E1B1A163E4A}.Debug|Any CPU.ActiveCfg = Debug|Any CPU
		{F18DCFD5-41E8-4C22-A53B-4E1B1A163E4A}.Debug|Any CPU.Build.0 = Debug|Any CPU
		{F18DCFD5-41E8-4C22-A53B-4E1B1A163E4A}.Debug|ARM.ActiveCfg = Debug|Any CPU
		{F18DCFD5-41E8-4C22-A53B-4E1B1A163E4A}.Debug|ARM.Build.0 = Debug|Any CPU
		{F18DCFD5-41E8-4C22-A53B-4E1B1A163E4A}.Debug|ARM64.ActiveCfg = Debug|Any CPU
		{F18DCFD5-41E8-4C22-A53B-4E1B1A163E4A}.Debug|ARM64.Build.0 = Debug|Any CPU
		{F18DCFD5-41E8-4C22-A53B-4E1B1A163E4A}.Debug|iPhone.ActiveCfg = Debug|Any CPU
		{F18DCFD5-41E8-4C22-A53B-4E1B1A163E4A}.Debug|iPhone.Build.0 = Debug|Any CPU
		{F18DCFD5-41E8-4C22-A53B-4E1B1A163E4A}.Debug|iPhoneSimulator.ActiveCfg = Debug|Any CPU
		{F18DCFD5-41E8-4C22-A53B-4E1B1A163E4A}.Debug|iPhoneSimulator.Build.0 = Debug|Any CPU
		{F18DCFD5-41E8-4C22-A53B-4E1B1A163E4A}.Debug|x64.ActiveCfg = Debug|Any CPU
		{F18DCFD5-41E8-4C22-A53B-4E1B1A163E4A}.Debug|x64.Build.0 = Debug|Any CPU
		{F18DCFD5-41E8-4C22-A53B-4E1B1A163E4A}.Debug|x86.ActiveCfg = Debug|Any CPU
		{F18DCFD5-41E8-4C22-A53B-4E1B1A163E4A}.Debug|x86.Build.0 = Debug|Any CPU
		{F18DCFD5-41E8-4C22-A53B-4E1B1A163E4A}.Release|Any CPU.ActiveCfg = Release|Any CPU
		{F18DCFD5-41E8-4C22-A53B-4E1B1A163E4A}.Release|Any CPU.Build.0 = Release|Any CPU
		{F18DCFD5-41E8-4C22-A53B-4E1B1A163E4A}.Release|ARM.ActiveCfg = Release|Any CPU
		{F18DCFD5-41E8-4C22-A53B-4E1B1A163E4A}.Release|ARM.Build.0 = Release|Any CPU
		{F18DCFD5-41E8-4C22-A53B-4E1B1A163E4A}.Release|ARM64.ActiveCfg = Release|Any CPU
		{F18DCFD5-41E8-4C22-A53B-4E1B1A163E4A}.Release|ARM64.Build.0 = Release|Any CPU
		{F18DCFD5-41E8-4C22-A53B-4E1B1A163E4A}.Release|iPhone.ActiveCfg = Release|Any CPU
		{F18DCFD5-41E8-4C22-A53B-4E1B1A163E4A}.Release|iPhone.Build.0 = Release|Any CPU
		{F18DCFD5-41E8-4C22-A53B-4E1B1A163E4A}.Release|iPhoneSimulator.ActiveCfg = Release|Any CPU
		{F18DCFD5-41E8-4C22-A53B-4E1B1A163E4A}.Release|iPhoneSimulator.Build.0 = Release|Any CPU
		{F18DCFD5-41E8-4C22-A53B-4E1B1A163E4A}.Release|x64.ActiveCfg = Release|Any CPU
		{F18DCFD5-41E8-4C22-A53B-4E1B1A163E4A}.Release|x64.Build.0 = Release|Any CPU
		{F18DCFD5-41E8-4C22-A53B-4E1B1A163E4A}.Release|x86.ActiveCfg = Release|Any CPU
		{F18DCFD5-41E8-4C22-A53B-4E1B1A163E4A}.Release|x86.Build.0 = Release|Any CPU
	EndGlobalSection
	GlobalSection(SolutionProperties) = preSolution
		HideSolutionNode = FALSE
	EndGlobalSection
	GlobalSection(NestedProjects) = preSolution
		{64C596A8-54D6-45AF-84AE-99FAFFC46719} = {79A6436E-E92C-42E6-8CC8-CB9124A914C6}
		{E09EF6C2-F7E3-45FD-8D7C-C3520A1F7078} = {79A6436E-E92C-42E6-8CC8-CB9124A914C6}
		{3C57790A-6909-43E5-A6A7-C04960EB8DCF} = {79A6436E-E92C-42E6-8CC8-CB9124A914C6}
		{054D4E75-34AD-47A6-AB4A-481D0FBBB94C} = {79A6436E-E92C-42E6-8CC8-CB9124A914C6}
		{05EB31C0-D9C5-43AB-97B5-760BC27D5EB9} = {79A6436E-E92C-42E6-8CC8-CB9124A914C6}
		{FEF977D5-6962-4ED8-B53F-6D1120A4C83D} = {79A6436E-E92C-42E6-8CC8-CB9124A914C6}
		{082CC3F9-35C3-42EA-8E6F-1AA3AB500126} = {79A6436E-E92C-42E6-8CC8-CB9124A914C6}
		{5D292A45-E1D3-4822-A382-A50C0F620654} = {79A6436E-E92C-42E6-8CC8-CB9124A914C6}
		{F18DCFD5-41E8-4C22-A53B-4E1B1A163E4A} = {79A6436E-E92C-42E6-8CC8-CB9124A914C6}
	EndGlobalSection
	GlobalSection(ExtensibilityGlobals) = postSolution
		SolutionGuid = {90B50B5A-0418-461F-A15E-4B22E093825E}
	EndGlobalSection
EndGlobal
